{
  "lockfileVersion": 1,
  "configVersion": 1,
  "workspaces": {
    "": {
      "name": "@konstit/csv-parser",
      "devDependencies": {
        "@biomejs/biome": "^2.5.3",
        "@types/bun": "^1.3.14",
        "csv-parser": "^3.2.1",
        "csv-spectrum": "^2.0.0",
        "dprint": "^0.55.1",
        "iconv-lite": "^0.7.3",
        "mitata": "^1.0.34",
        "oxlint": "^1.73.0",
        "typescript": "^5.9.3",
      },
    },
  },
  "packages": {
    "@biomejs/biome": ["@biomejs/biome@2.5.5", "", { "optionalDependencies": { "@biomejs/cli-darwin-arm64": "2.5.5", "@biomejs/cli-darwin-x64": "2.5.5", "@biomejs/cli-linux-arm64": "2.5.5", "@biomejs/cli-linux-arm64-musl": "2.5.5", "@biomejs/cli-linux-x64": "2.5.5", "@biomejs/cli-linux-x64-musl": "2.5.5", "@biomejs/cli-win32-arm64": "2.5.5", "@biomejs/cli-win32-x64": "2.5.5" }, "bin": { "biome": "bin/biome" } }, "sha512-r1S8nFsAG1MY+vJFZALzIvwXAJv6ejDQ0mxP21Tgr9YK3ZFtjrvbBwDdNhx1rUqvccEIeNg20cYCNzl6Cr69pQ=="],

    "@biomejs/cli-darwin-arm64": ["@biomejs/cli-darwin-arm64@2.5.5", "", { "os": "darwin", "cpu": "arm64" }, "sha512-kUrAhXVWUrwmAUnV2iXSK7umxKFysTwvqK+Ty6ptUcLY/7T3SnCAjUowE4uvwaEej6nXZ7hu/dTtbokKdsPeag=="],

    "@biomejs/cli-darwin-x64": ["@biomejs/cli-darwin-x64@2.5.5", "", { "os": "darwin", "cpu": "x64" }, "sha512-DamiYc5bUYZ2uxlfc+RLEPtz1Abb6PO5eTbOkufLpSGwd/7AMQAdxhFYiXmwwkJL8IsT8S7GvdgwDHqaMFAvKw=="],

    "@biomejs/cli-linux-arm64": ["@biomejs/cli-linux-arm64@2.5.5", "", { "os": "linux", "cpu": "arm64" }, "sha512-lRKF/pH/1RiYiBKExi3TCZVAtvzEm77aifrvcNiDFrR9WxeAnDUjDnseb6y2XV85mjitLs6SILGm2XG77cHtSQ=="],

    "@biomejs/cli-linux-arm64-musl": ["@biomejs/cli-linux-arm64-musl@2.5.5", "", { "os": "linux", "cpu": "arm64" }, "sha512-U4WMl/sy/E/Q73vf15VspakLRRs2LDFcCeBxJnQfXzssb88zpV6PJPaQ3ezhQ7H6Ht2/8bvuZeHgJWzmoxllZg=="],

    "@biomejs/cli-linux-x64": ["@biomejs/cli-linux-x64@2.5.5", "", { "os": "linux", "cpu": "x64" }, "sha512-H/O39nJEw/2Zm/fm7hrmxxoF8kK/aU1uCoPp70ruXVbomaAdLpJJnCmL11Q2JotT8QVHH06So04Oq53lCSwSwQ=="],

    "@biomejs/cli-linux-x64-musl": ["@biomejs/cli-linux-x64-musl@2.5.5", "", { "os": "linux", "cpu": "x64" }, "sha512-m7wC7tjX5Lrmo69dc4md8FeKpPU1NTCY1v7xUoQQ2vadWwNnBS0KZOG8471otFPHrTHihQJAjQPgMObpLvDe6A=="],

    "@biomejs/cli-win32-arm64": ["@biomejs/cli-win32-arm64@2.5.5", "", { "os": "win32", "cpu": "arm64" }, "sha512-7BryINPuYypLUAH3o/o5ZdgomJ4zn3EDR0ChZJst7n32S6ZhKbgHXuYydLu+YAnx59ehGFR0z/MG6qnzQi3Yyw=="],

    "@biomejs/cli-win32-x64": ["@biomejs/cli-win32-x64@2.5.5", "", { "os": "win32", "cpu": "x64" }, "sha512-bIBFo+n6MIxdNcVFy5CrurbKiZQiUciK3bt8+O9I4wjFZNTfXLpi+giq47522eXqW5NBc9ulx7dR1SlZKi2J5g=="],

    "@dprint/android-arm64": ["@dprint/android-arm64@0.55.2", "", { "os": "android", "cpu": "arm64" }, "sha512-cywqM0E2h8lCA/b5BMFcuascaGuekm2lnyKb5hRH9juKbsqKeR8A7qf2p3nVWRQ8cM7djOnQwhy8ecQ3qd6j9A=="],

    "@dprint/android-x64": ["@dprint/android-x64@0.55.2", "", { "os": "android", "cpu": "x64" }, "sha512-BvcqquD94dSYQP2FzBuojU/8vITpwz80uAkub2xCCx5g7zYdUZ98tK+N3GKfRS5AUJ1LpRPJgbO09rRLEo8leA=="],

    "@dprint/darwin-arm64": ["@dprint/darwin-arm64@0.55.2", "", { "os": "darwin", "cpu": "arm64" }, "sha512-HjzasuPaC0EBHxEpS3Px/OPcxqZYln37xuAyYE0GFAhDuaotZEUpM8VE05Tzo4E32y7LKgLPT8CZVtEG5Ck7mQ=="],

    "@dprint/darwin-x64": ["@dprint/darwin-x64@0.55.2", "", { "os": "darwin", "cpu": "x64" }, "sha512-7XSF9XERvimg3XakXNlJRpJM9an5HKibWWShwCJr7Dz1Xp7P3pomjx9AtYV5EeD49GXu9FKdFfDiTC4BJtAVjA=="],

    "@dprint/linux-arm64-glibc": ["@dprint/linux-arm64-glibc@0.55.2", "", { "os": "linux", "cpu": "arm64" }, "sha512-2h5oe4tHGXJOTLU5BxVJLGPP1qQQxxECdjUaRkLxGn2rZIEf/7HwoJ+TjwMUaIVg4QxAFxfiMJJ3MRZjumJpsg=="],

    "@dprint/linux-arm64-musl": ["@dprint/linux-arm64-musl@0.55.2", "", { "os": "linux", "cpu": "arm64" }, "sha512-Z1X9mNLHWoSI7CHz888H2w27IV2UQ5lL/YbTwgguJM9ApLgvkMer5qr4pLlXF6vEY3+Rm0445eo3uojbjE7PTw=="],

    "@dprint/linux-loong64-glibc": ["@dprint/linux-loong64-glibc@0.55.2", "", { "os": "linux", "cpu": "none" }, "sha512-qxk4Cg/SjO14DALoG1MFZL+n6pEvCyd7VDHg1cQIpp82mZ+wtRaWkJqSaItWj12x8jihA32wAoQ/8OHz+5FFsQ=="],

    "@dprint/linux-loong64-musl": ["@dprint/linux-loong64-musl@0.55.2", "", { "os": "linux", "cpu": "none" }, "sha512-Mr+kRdZnxhUHBmhhADkYOo1g81PYvbh7eBo+lpMStgIvL/5Z93mGAcp/1NFcpeN02pilaI1N59awV08ApJ19cA=="],

    "@dprint/linux-ppc64-glibc": ["@dprint/linux-ppc64-glibc@0.55.2", "", { "os": "linux", "cpu": "ppc64" }, "sha512-C8XEL3f3yg+MWZD4qlot+ibJ0GDPvCT5jq9ErwPdKteyIPpe6IPSqiEApYSQ194Q7audL8rgS0WdJsW4HNVhmw=="],

    "@dprint/linux-ppc64-musl": ["@dprint/linux-ppc64-musl@0.55.2", "", { "os": "linux", "cpu": "ppc64" }, "sha512-tSGe4bTmL5/EhNH38baCKWBGxOXVB0M5Loxnpls7wsQjuLpzWnzDCw4wiO3C7PrKLbAe4sJUWhbgdDXa3TJ2eQ=="],

    "@dprint/linux-riscv64-glibc": ["@dprint/linux-riscv64-glibc@0.55.2", "", { "os": "linux", "cpu": "none" }, "sha512-gSaoq9e3vGTfYm5jcEd86YysFsp8OJF/CGZgBzNNu3NSjLEs8VVgTObDxQI+U7ex2mA17lbpWyr3diejaaK+bg=="],

    "@dprint/linux-x64-glibc": ["@dprint/linux-x64-glibc@0.55.2", "", { "os": "linux", "cpu": "x64" }, "sha512-GBLWjuqTT5OGbqh2gQENQihhfRn/AjdDu2SVwjmbZcOFR80HMppIfFrIIolBB3FLyrZk+M8rMk8EAo0tQ3PAXw=="],

    "@dprint/linux-x64-musl": ["@dprint/linux-x64-musl@0.55.2", "", { "os": "linux", "cpu": "x64" }, "sha512-GZEUpmtxCOiauRtqOqT/erAjy2ws8dOxx7oQJFf9g5bypisuapwymvr7fUVVb8nqccFqjx7E5kN4IxKDlzntHA=="],

    "@dprint/win32-arm64": ["@dprint/win32-arm64@0.55.2", "", { "os": "win32", "cpu": "arm64" }, "sha512-dxDdxU4a6wQ4K0omdAxW7o0mUdOI03z0/Ah3N6O9Ja7wAMQI5sbfzq7DOJ739UVXtHSB4zBTtYuk1MrBOIyVQQ=="],

    "@dprint/win32-x64": ["@dprint/win32-x64@0.55.2", "", { "os": "win32", "cpu": "x64" }, "sha512-UTiDSShHbrkx+z719/MffgwGYD8PaypdVmG4vVJVjmF5Hoin6EfugHhSoBf8+G6U9rF+uDIIl0idZq+6Bifzwg=="],

    "@oxlint/binding-android-arm-eabi": ["@oxlint/binding-android-arm-eabi@1.74.0", "", { "os": "android", "cpu": "arm" }, "sha512-+gHd12muVI9ZLBaWLPkHt3Fj7jihFjgQ1MGtBaRL8vWrWrI0P7dLUty/cHrHS0oqPYIRgQUJsPu2CExQuMcwNw=="],

    "@oxlint/binding-android-arm64": ["@oxlint/binding-android-arm64@1.74.0", "", { "os": "android", "cpu": "arm64" }, "sha512-xjKdoMB+H+RCOByv/7l7nfIGW9mlOisqYdcyC75UqYuQecLpReAeEYUf2CNeDEI3KtmUgxpRw/+c63y4AeF/Bw=="],

    "@oxlint/binding-darwin-arm64": ["@oxlint/binding-darwin-arm64@1.74.0", "", { "os": "darwin", "cpu": "arm64" }, "sha512-iUK7wvc6sejMKsC+Pt67mntoF5weFcyEunhZfLJceU6gL419mexz5wBkSx/EnkFBExMLNtOi9fnDSc5xfK0IzQ=="],

    "@oxlint/binding-darwin-x64": ["@oxlint/binding-darwin-x64@1.74.0", "", { "os": "darwin", "cpu": "x64" }, "sha512-ggKc/tn5SJ1u2yG2izC6VKODfYKV8MQ2AicJlNzOjuyrC29udvOef6/JzK2r32xqCnBDLFouR1VCkjzEI0/N9Q=="],

    "@oxlint/binding-freebsd-x64": ["@oxlint/binding-freebsd-x64@1.74.0", "", { "os": "freebsd", "cpu": "x64" }, "sha512-u++dH/43jy9hTLbneaWlS0gla/Bp1JdwJ2zgevCl8nDFUh6qRCGMxcL0f0lb7By3A9p/LfFr+7cG4HU1hG856g=="],

    "@oxlint/binding-linux-arm-gnueabihf": ["@oxlint/binding-linux-arm-gnueabihf@1.74.0", "", { "os": "linux", "cpu": "arm" }, "sha512-Sj1zmtFDVTPeIbIz4ZfcXAbFHqCmKCXdCUlAJzvTF7I20NTH1RDpoF2PhkqNODutJzVhJYmm3oz0GwgY+tvE2g=="],

    "@oxlint/binding-linux-arm-musleabihf": ["@oxlint/binding-linux-arm-musleabihf@1.74.0", "", { "os": "linux", "cpu": "arm" }, "sha512-//PKyQb/tQXcHArx2f7z+oVI/eMS2Jpv+edNuAtOrgIhWdGcpHxogveAxzmF2rpH1AIHp4Hq04RF/rgJdiICnQ=="],

    "@oxlint/binding-linux-arm64-gnu": ["@oxlint/binding-linux-arm64-gnu@1.74.0", "", { "os": "linux", "cpu": "arm64" }, "sha512-/k1Me+aX2tjuH10K62mLS0y8cLkJBHX6Ce0xPK+eWeel4bSdEGZ8dv4+hYMzg0GrSmjwy4yAYsDPeEeKBft/2w=="],

    "@oxlint/binding-linux-arm64-musl": ["@oxlint/binding-linux-arm64-musl@1.74.0", "", { "os": "linux", "cpu": "arm64" }, "sha512-3tFSjBxc5D8/zvjEuLvOqcA8ZXKD0+6NuaVO/edeamNc49MoAsbfaC9s1UiwODwgF6slGaF8yJA2TPkukd77tg=="],

    "@oxlint/binding-linux-ppc64-gnu": ["@oxlint/binding-linux-ppc64-gnu@1.74.0", "", { "os": "linux", "cpu": "ppc64" }, "sha512-9QggtPkSPXOCTu8Szis7auOK/sC7KdQaN+/TujP7YVVhzCAOhgdRfgv8uEz0r2tk5xdgus5rLYUrCDoZNtiRUw=="],

    "@oxlint/binding-linux-riscv64-gnu": ["@oxlint/binding-linux-riscv64-gnu@1.74.0", "", { "os": "linux", "cpu": "none" }, "sha512-VM5VPUJ4DJIWiK+AZn8FScUqMr6OFrCAYybMYjEEi7W13ParI64MByiXTkKMqZpBmvQ9zxl9Ebq2VUOiZRJYUg=="],

    "@oxlint/binding-linux-riscv64-musl": ["@oxlint/binding-linux-riscv64-musl@1.74.0", "", { "os": "linux", "cpu": "none" }, "sha512-SaDY1gh9rOA592J54g+gu5hkOFFQBZsMmIYHs+NRHG+Uq0OxtuuCXMWQ3vu1830Eugv5uMXyjG+bv2Z9y4IXjw=="],

    "@oxlint/binding-linux-s390x-gnu": ["@oxlint/binding-linux-s390x-gnu@1.74.0", "", { "os": "linux", "cpu": "s390x" }, "sha512-ZATQeHZCyr6MbDveg0obD5sxLHFOghtOdC5jwVwYlvFWqtFOxctgFEG6Ef/64hYvZrWyhyCckB10AelqLopeDA=="],

    "@oxlint/binding-linux-x64-gnu": ["@oxlint/binding-linux-x64-gnu@1.74.0", "", { "os": "linux", "cpu": "x64" }, "sha512-+aIvJyrdeD7LwCQ2WYLMUWNmnbeDRSPb40aBYtPjD9+PTqUwgJnk+HK5yLfSMeqXrMrDhE9uTmtt2y50tvjhHw=="],

    "@oxlint/binding-linux-x64-musl": ["@oxlint/binding-linux-x64-musl@1.74.0", "", { "os": "linux", "cpu": "x64" }, "sha512-XyktaR8lhK2qWiCK0Tk8oYD+/cgn+oHA6ddRnxSSXUKkkojkV78CmShZUxQF+yrBFs0SuW+JBOPG6hecyc/iZg=="],

    "@oxlint/binding-openharmony-arm64": ["@oxlint/binding-openharmony-arm64@1.74.0", "", { "os": "none", "cpu": "arm64" }, "sha512-mzbjrPl4neaVUiJ1fUiEUxTGaSZBoiKtaoB6jmIpz9S+VOA2vDYmJpihQ82w6178V5jxziclTg8Cgj5yF6tTDg=="],

    "@oxlint/binding-win32-arm64-msvc": ["@oxlint/binding-win32-arm64-msvc@1.74.0", "", { "os": "win32", "cpu": "arm64" }, "sha512-vUAe9okpS2Oa5+lX67lqHMuNUvfkleRKwrUDJ/WJBsgmddvZ1mrsh2HVmuFDRzqFELhaJhFaCNOuR6a7L3rtIA=="],

    "@oxlint/binding-win32-ia32-msvc": ["@oxlint/binding-win32-ia32-msvc@1.74.0", "", { "os": "win32", "cpu": "ia32" }, "sha512-yyXXJyYYSXL4I8K8jAWjJs+J3fa9gH2JmEbo4f5adm+1tNC9itseicBNuwK7BDHvqQ5J534s+yDULu89vYL2ZQ=="],

    "@oxlint/binding-win32-x64-msvc": ["@oxlint/binding-win32-x64-msvc@1.74.0", "", { "os": "win32", "cpu": "x64" }, "sha512-VTC9IYTIMrVUk/i6Ms1ohzzDKZFkWn0KU2OBbPBzgmVZ2V30165T/zK4LztTr0Xgp9fZ1qQZ1rsZAu/rEmySlA=="],

    "@types/bun": ["@types/bun@1.3.14", "", { "dependencies": { "bun-types": "1.3.14" } }, "sha512-h1hFqFVcvAvD9j9K7ZW7vd82aSA+rTdznZa+5bwvCwqSB1jmmfLcbIWhOLx1/+boy/xmjgCs/OMUL8hRJSmnPw=="],

    "@types/node": ["@types/node@26.1.0", "", { "dependencies": { "undici-types": "~8.3.0" } }, "sha512-O0A1G3xPGy4w7AgQdAQYUlQ+BKk2Oovw8eRpofyp5KdBZULnbe+WqaOVNrm705SHphCiG4XHsACrSmPu1f+Kgw=="],

    "bun-types": ["bun-types@1.3.14", "", { "dependencies": { "@types/node": "*" } }, "sha512-4N0ig0fEomHt5R0KCFWjovxow98rIoRwKolrYdCcknNwMekCXRnWEUvgu5soYV8QXtVsrUD8B95MBOZGPvr6KQ=="],

    "csv-parser": ["csv-parser@3.2.1", "", { "bin": { "csv-parser": "bin/csv-parser" } }, "sha512-v8RPMSglouR9od735SnwSxLBbCJqEPSbgm1R5qfr8yIiMUCEFjox56kRZid0SvgHJEkxeIEu3+a9QS3YRh7CuA=="],

    "csv-spectrum": ["csv-spectrum@2.0.0", "", {}, "sha512-gjW9YEAkcrJo4AEdrV9+4lkUXlOyYyC+1Ap3efzMiUUs1OTdZ29VraBZNBBKZK7iiUkbMNkUmfKp/jnayzHxAA=="],

    "dprint": ["dprint@0.55.2", "", { "optionalDependencies": { "@dprint/android-arm64": "0.55.2", "@dprint/android-x64": "0.55.2", "@dprint/darwin-arm64": "0.55.2", "@dprint/darwin-x64": "0.55.2", "@dprint/linux-arm64-glibc": "0.55.2", "@dprint/linux-arm64-musl": "0.55.2", "@dprint/linux-loong64-glibc": "0.55.2", "@dprint/linux-loong64-musl": "0.55.2", "@dprint/linux-ppc64-glibc": "0.55.2", "@dprint/linux-ppc64-musl": "0.55.2", "@dprint/linux-riscv64-glibc": "0.55.2", "@dprint/linux-x64-glibc": "0.55.2", "@dprint/linux-x64-musl": "0.55.2", "@dprint/win32-arm64": "0.55.2", "@dprint/win32-x64": "0.55.2" }, "bin": { "dprint": "bin.cjs" } }, "sha512-1d4D4SB9KiD2qFnBWbl3aoYjLvPVpZoth28yxTT00xJv2yXugdz0Xoyv7sGG0w0hzE6hQZMgd6B333GnySDpGQ=="],

    "iconv-lite": ["iconv-lite@0.7.3", "", { "dependencies": { "safer-buffer": ">= 2.1.2 < 3.0.0" } }, "sha512-IKXpvIzjnC9XTAUbVBcMfGS0EPaIXtW6v+zr+RRp+hqULEpo0owZax6wyRwPOJbWbzjYspQwusTsfVr0ifh4uQ=="],

    "mitata": ["mitata@1.0.34", "", {}, "sha512-Mc3zrtNBKIMeHSCQ0XqRLo1vbdIx1wvFV9c8NJAiyho6AjNfMY8bVhbS12bwciUdd1t4rj8099CH3N3NFahaUA=="],

    "oxlint": ["oxlint@1.74.0", "", { "optionalDependencies": { "@oxlint/binding-android-arm-eabi": "1.74.0", "@oxlint/binding-android-arm64": "1.74.0", "@oxlint/binding-darwin-arm64": "1.74.0", "@oxlint/binding-darwin-x64": "1.74.0", "@oxlint/binding-freebsd-x64": "1.74.0", "@oxlint/binding-linux-arm-gnueabihf": "1.74.0", "@oxlint/binding-linux-arm-musleabihf": "1.74.0", "@oxlint/binding-linux-arm64-gnu": "1.74.0", "@oxlint/binding-linux-arm64-musl": "1.74.0", "@oxlint/binding-linux-ppc64-gnu": "1.74.0", "@oxlint/binding-linux-riscv64-gnu": "1.74.0", "@oxlint/binding-linux-riscv64-musl": "1.74.0", "@oxlint/binding-linux-s390x-gnu": "1.74.0", "@oxlint/binding-linux-x64-gnu": "1.74.0", "@oxlint/binding-linux-x64-musl": "1.74.0", "@oxlint/binding-openharmony-arm64": "1.74.0", "@oxlint/binding-win32-arm64-msvc": "1.74.0", "@oxlint/binding-win32-ia32-msvc": "1.74.0", "@oxlint/binding-win32-x64-msvc": "1.74.0" }, "peerDependencies": { "oxlint-tsgolint": ">=0.24.0", "vite-plus": "*" }, "optionalPeers": ["oxlint-tsgolint", "vite-plus"], "bin": { "oxlint": "bin/oxlint" } }, "sha512-odGl2s2x5IOJoj3A0v1k0PGBXVFBZeZ2+AK/+K2MJur7Ghi3bkyX5NuLUWHKqa4js1wjep3hJeuTQJOlr+4+dA=="],

    "safer-buffer": ["safer-buffer@2.1.2", "", {}, "sha512-YZo3K82SD7Riyi0E1EQPojLz7kpepnSQI9IyPbHHg1XXXevb5dJI7tpyN2ADxGcQbHG7vcyRHk0cbwqcQriUtg=="],

    "typescript": ["typescript@5.9.3", "", { "bin": { "tsc": "bin/tsc", "tsserver": "bin/tsserver" } }, "sha512-jl1vZzPDinLr9eUt3J/t7V6FgNEw9QjvBPdysz9KfQDD41fQrC2Y4vKQdiaUpFT4bXlb1RHhLpp8wtm6M5TgSw=="],

    "undici-types": ["undici-types@8.3.0", "", {}, "sha512-j375ScV60dom+YkPFIfTLcOiPxkN/buHz5GobjLhixFuANaNs3C9l4GmrWqejgXWJ7BbJcFYpTEUkS1Ge8bpZQ=="],
  }
}
